
Microsoft Visual Studio Solution File, Format Version 12.00
# Visual Studio 15
Project("{FAE04EC0-301F-11D3-BF4B-00C04F79EFBC}") = "Assembly-CSharp", "Assembly-CSharp.csproj", "{D2544145-2AB7-3B71-A15C-F4AB4BC4F365}"
EndProject
Project("{FAE04EC0-301F-11D3-BF4B-00C04F79EFBC}") = "Assembly-CSharp-firstpass", "Assembly-CSharp-firstpass.csproj", "{54C92535-047B-A4BD-52C0-DDFA17ED46A0}"
EndProject
Project("{FAE04EC0-301F-11D3-BF4B-00C04F79EFBC}") = "Assembly-CSharp-Editor", "Assembly-CSharp-Editor.csproj", "{0B498387-2DF4-20DA-BFE1-028E65D286CB}"
EndProject
Global
	GlobalSection(SolutionConfigurationPlatforms) = preSolution
		Debug|Any CPU = Debug|Any CPU
		Release|Any CPU = Release|Any CPU
	EndGlobalSection
	GlobalSection(ProjectConfigurationPlatforms) = postSolution
		{D2544145-2AB7-3B71-A15C-F4AB4BC4F365}.Debug|Any CPU.ActiveCfg = Debug|Any CPU
		{D2544145-2AB7-3B71-A15C-F4AB4BC4F365}.Debug|Any CPU.Build.0 = Debug|Any CPU
		{D2544145-2AB7-3B71-A15C-F4AB4BC4F365}.Release|Any CPU.ActiveCfg = Release|Any CPU
		{D2544145-2AB7-3B71-A15C-F4AB4BC4F365}.Release|Any CPU.Build.0 = Release|Any CPU
		{54C92535-047B-A4BD-52C0-DDFA17ED46A0}.Debug|Any CPU.ActiveCfg = Debug|Any CPU
		{54C92535-047B-A4BD-52C0-DDFA17ED46A0}.Debug|Any CPU.Build.0 = Debug|Any CPU
		{54C92535-047B-A4BD-52C0-DDFA17ED46A0}.Release|Any CPU.ActiveCfg = Release|Any CPU
		{54C92535-047B-A4BD-52C0-DDFA17ED46A0}.Release|Any CPU.Build.0 = Release|Any CPU
		{0B498387-2DF4-20DA-BFE1-028E65D286CB}.Debug|Any CPU.ActiveCfg = Debug|Any CPU
		{0B498387-2DF4-20DA-BFE1-028E65D286CB}.Debug|Any CPU.Build.0 = Debug|Any CPU
		{0B498387-2DF4-20DA-BFE1-028E65D286CB}.Release|Any CPU.ActiveCfg = Release|Any CPU
		{0B498387-2DF4-20DA-BFE1-028E65D286CB}.Release|Any CPU.Build.0 = Release|Any CPU
	EndGlobalSection
	GlobalSection(SolutionProperties) = preSolution
		HideSolutionNode = FALSE
	EndGlobalSection
EndGlobal
